// !$*UTF8*$!
{
	archiveVersion = 1;
	classes = {
	};
	objectVersion = 46;
	objects = {

/* Begin PBXBuildFile section */
		E59992C41A1C653D009CF98B /* main.m in Sources */ = {isa = PBXBuildFile; fileRef = E59992C31A1C653D009CF98B /* main.m */; };
		E59992C71A1C653D009CF98B /* AppDelegate.m in Sources */ = {isa = PBXBuildFile; fileRef = E59992C61A1C653D009CF98B /* AppDelegate.m */; };
		E59992CA1A1C653D009CF98B /* ViewController.m in Sources */ = {isa = PBXBuildFile; fileRef = E59992C91A1C653D009CF98B /* ViewController.m */; };
		E59992CD1A1C653D009CF98B /* Main.storyboard in Resources */ = {isa = PBXBuildFile; fileRef = E59992CB1A1C653D009CF98B /* Main.storyboard */; };
		E59992CF1A1C653D009CF98B /* Images.xcassets in Resources */ = {isa = PBXBuildFile; fileRef = E59992CE1A1C653D009CF98B /* Images.xcassets */; };
		E59992D21A1C653D009CF98B /* LaunchScreen.xib in Resources */ = {isa = PBXBuildFile; fileRef = E59992D01A1C653D009CF98B /* LaunchScreen.xib */; };
		E59992DE1A1C653D009CF98B /* PennypotTests.m in Sources */ = {isa = PBXBuildFile; fileRef = E59992DD1A1C653D009CF98B /* PennypotTests.m */; };
/* End PBXBuildFile section */

/* Begin PBXContainerItemProxy section */
		E59992D81A1C653D009CF98B /* PBXContainerItemProxy */ = {
			isa = PBXContainerItemProxy;
			containerPortal = E59992B61A1C653D009CF98B /* Project object */;
			proxyType = 1;
			remoteGlobalIDString = E59992BD1A1C653D009CF98B;
			remoteInfo = Pennypot;
		};
/* End PBXContainerItemProxy section */

/* Begin PBXFileReference section */
		E59992BE1A1C653D009CF98B /* Pennypot.app */ = {isa = PBXFileReference; explicitFileType = wrapper.application; includeInIndex = 0; path = Pennypot.app; sourceTree = BUILT_PRODUCTS_DIR; };
		E59992C21A1C653D009CF98B /* Info.plist */ = {isa = PBXFileReference; lastKnownFileType = text.plist.xml; path = Info.plist; sourceTree = "<group>"; };
		E59992C31A1C653D009CF98B /* main.m */ = {isa = PBXFileReference; lastKnownFileType = sourcecode.c.objc; path = main.m; sourceTree = "<group>"; };
		E59992C51A1C653D009CF98B /* AppDelegate.h */ = {isa = PBXFileReference; lastKnownFileType = sourcecode.c.h; path = AppDelegate.h; sourceTree = "<group>"; };
		E59992C61A1C653D009CF98B /* AppDelegate.m */ = {isa = PBXFileReference; lastKnownFileType = sourcecode.c.objc; path = AppDelegate.m; sourceTree = "<group>"; };
		E59992C81A1C653D009CF98B /* ViewController.h */ = {isa = PBXFileReference; lastKnownFileType = sourcecode.c.h; path = ViewController.h; sourceTree = "<group>"; };
		E59992C91A1C653D009CF98B /* ViewController.m */ = {isa = PBXFileReference; lastKnownFileType = sourcecode.c.objc; path = ViewController.m; sourceTree = "<group>"; };
		E59992CC1A1C653D009CF98B /* Base */ = {isa = PBXFileReference; lastKnownFileType = file.storyboard; name = Base; path = Base.lproj/Main.storyboard; sourceTree = "<group>"; };
		E59992CE1A1C653D009CF98B /* Images.xcassets */ = {isa = PBXFileReference; lastKnownFileType = folder.assetcatalog; path = Images.xcassets; sourceTree = "<group>"; };
		E59992D11A1C653D009CF98B /* Base */ = {isa = PBXFileReference; lastKnownFileType = file.xib; name = Base; path = Base.lproj/LaunchScreen.xib; sourceTree = "<group>"; };
		E59992D71A1C653D009CF98B /* PennypotTests.xctest */ = {isa = PBXFileReference; explicitFileType = wrapper.cfbundle; includeInIndex = 0; path = PennypotTests.xctest; sourceTree = BUILT_PRODUCTS_DIR; };
		E59992DC1A1C653D009CF98B /* Info.plist */ = {isa = PBXFileReference; lastKnownFileType = text.plist.xml; path = Info.plist; sourceTree = "<group>"; };
		E59992DD1A1C653D009CF98B /* PennypotTests.m */ = {isa = PBXFileReference; lastKnownFileType = sourcecode.c.objc; path = PennypotTests.m; sourceTree = "<group>"; };
/* End PBXFileReference section */

/* Begin PBXFrameworksBuildPhase section */
		E59992BB1A1C653D009CF98B /* Frameworks */ = {
			isa = PBXFrameworksBuildPhase;
			buildActionMask = 2147483647;
			files = (
			);
			runOnlyForDeploymentPostprocessing = 0;
		};
		E59992D41A1C653D009CF98B /* Frameworks */ = {
			isa = PBXFrameworksBuildPhase;
			buildActionMask = 2147483647;
			files = (
			);
			runOnlyForDeploymentPostprocessing = 0;
		};
/* End PBXFrameworksBuildPhase section */

/* Begin PBXGroup section */
		E59992B51A1C653D009CF98B = {
			isa = PBXGroup;
			children = (
				E59992C01A1C653D009CF98B /* Pennypot */,
				E59992DA1A1C653D009CF98B /* PennypotTests */,
				E59992BF1A1C653D009CF98B /* Products */,
			);
			sourceTree = "<group>";
		};
		E59992BF1A1C653D009CF98B /* Products */ = {
			isa = PBXGroup;
			children = (
				E59992BE1A1C653D009CF98B /* Pennypot.app */,
				E59992D71A1C653D009CF98B /* PennypotTests.xctest */,
			);
			name = Products;
			sourceTree = "<group>";
		};
		E59992C01A1C653D009CF98B /* Pennypot */ = {
			isa = PBXGroup;
			children = (
				E59992C51A1C653D009CF98B /* AppDelegate.h */,
				E59992C61A1C653D009CF98B /* AppDelegate.m */,
				E59992C81A1C653D009CF98B /* ViewController.h */,
				E59992C91A1C653D009CF98B /* ViewController.m */,
				E59992CB1A1C653D009CF98B /* Main.storyboard */,
				E59992CE1A1C653D009CF98B /* Images.xcassets */,
				E59992D01A1C653D009CF98B /* LaunchScreen.xib */,
				E59992C11A1C653D009CF98B /* Supporting Files */,
			);
			path = Pennypot;
			sourceTree = "<group>";
		};
		E59992C11A1C653D009CF98B /* Supporting Files */ = {
			isa = PBXGroup;
			children = (
				E59992C21A1C653D009CF98B /* Info.plist */,
				E59992C31A1C653D009CF98B /* main.m */,
			);
			name = "Supporting Files";
			sourceTree = "<group>";
		};
		E59992DA1A1C653D009CF98B /* PennypotTests */ = {
			isa = PBXGroup;
			children = (
				E59992DD1A1C653D009CF98B /* PennypotTests.m */,
				E59992DB1A1C653D009CF98B /* Supporting Files */,
			);
			path = PennypotTests;
			sourceTree = "<group>";
		};
		E59992DB1A1C653D009CF98B /* Supporting Files */ = {
			isa = PBXGroup;
			children = (
				E59992DC1A1C653D009CF98B /* Info.plist */,
			);
			name = "Supporting Files";
			sourceTree = "<group>";
		};
/* End PBXGroup section */

/* Begin PBXNativeTarget section */
		E59992BD1A1C653D009CF98B /* Pennypot */ = {
			isa = PBXNativeTarget;
			buildConfigurationList = E59992E11A1C653D009CF98B /* Build configuration list for PBXNativeTarget "Pennypot" */;
			buildPhases = (
				E59992BA1A1C653D009CF98B /* Sources */,
				E59992BB1A1C653D009CF98B /* Frameworks */,
				E59992BC1A1C653D009CF98B /* Resources */,
			);
			buildRules = (
			);
			dependencies = (
			);
			name = Pennypot;
			productName = Pennypot;
			productReference = E59992BE1A1C653D009CF98B /* Pennypot.app */;
			productType = "com.apple.product-type.application";
		};
		E59992D61A1C653D009CF98B /* PennypotTests */ = {
			isa = PBXNativeTarget;
			buildConfigurationList = E59992E41A1C653D009CF98B /* Build configuration list for PBXNativeTarget "PennypotTests" */;
			buildPhases = (
				E59992D31A1C653D009CF98B /* Sources */,
				E59992D41A1C653D009CF98B /* Frameworks */,
				E59992D51A1C653D009CF98B /* Resources */,
			);
			buildRules = (
			);
			dependencies = (
				E59992D91A1C653D009CF98B /* PBXTargetDependency */,
			);
			name = PennypotTests;
			productName = PennypotTests;
			productReference = E59992D71A1C653D009CF98B /* PennypotTests.xctest */;
			productType = "com.apple.product-type.bundle.unit-test";
		};
/* End PBXNativeTarget section */

/* Begin PBXProject section */
		E59992B61A1C653D009CF98B /* Project object */ = {
			isa = PBXProject;
			attributes = {
				LastUpgradeCheck = 0610;
				ORGANIZATIONNAME = PP;
				TargetAttributes = {
					E59992BD1A1C653D009CF98B = {
						CreatedOnToolsVersion = 6.1;
					};
					E59992D61A1C653D009CF98B = {
						CreatedOnToolsVersion = 6.1;
						TestTargetID = E59992BD1A1C653D009CF98B;
					};
				};
			};
			buildConfigurationList = E59992B91A1C653D009CF98B /* Build configuration list for PBXProject "Pennypot" */;
			compatibilityVersion = "Xcode 3.2";
			developmentRegion = English;
			hasScannedForEncodings = 0;
			knownRegions = (
				en,
				Base,
			);
			mainGroup = E59992B51A1C653D009CF98B;
			productRefGroup = E59992BF1A1C653D009CF98B /* Products */;
			projectDirPath = "";
			projectRoot = "";
			targets = (
				E59992BD1A1C653D009CF98B /* Pennypot */,
				E59992D61A1C653D009CF98B /* PennypotTests */,
			);
		};
/* End PBXProject section */

/* Begin PBXResourcesBuildPhase section */
		E59992BC1A1C653D009CF98B /* Resources */ = {
			isa = PBXResourcesBuildPhase;
			buildActionMask = 2147483647;
			files = (
				E59992CD1A1C653D009CF98B /* Main.storyboard in Resources */,
				E59992D21A1C653D009CF98B /* LaunchScreen.xib in Resources */,
				E59992CF1A1C653D009CF98B /* Images.xcassets in Resources */,
			);
			runOnlyForDeploymentPostprocessing = 0;
		};
		E59992D51A1C653D009CF98B /* Resources */ = {
			isa = PBXResourcesBuildPhase;
			buildActionMask = 2147483647;
			files = (
			);
			runOnlyForDeploymentPostprocessing = 0;
		};
/* End PBXResourcesBuildPhase section */

/* Begin PBXSourcesBuildPhase section */
		E59992BA1A1C653D009CF98B /* Sources */ = {
			isa = PBXSourcesBuildPhase;
			buildActionMask = 2147483647;
			files = (
				E59992CA1A1C653D009CF98B /* ViewController.m in Sources */,
				E59992C71A1C653D009CF98B /* AppDelegate.m in Sources */,
				E59992C41A1C653D009CF98B /* main.m in Sources */,
			);
			runOnlyForDeploymentPostprocessing = 0;
		};
		E59992D31A1C653D009CF98B /* Sources */ = {
			isa = PBXSourcesBuildPhase;
			buildActionMask = 2147483647;
			files = (
				E59992DE1A1C653D009CF98B /* PennypotTests.m in Sources */,
			);
			runOnlyForDeploymentPostprocessing = 0;
		};
/* End PBXSourcesBuildPhase section */

/* Begin PBXTargetDependency section */
		E59992D91A1C653D009CF98B /* PBXTargetDependency */ = {
			isa = PBXTargetDependency;
			target = E59992BD1A1C653D009CF98B /* Pennypot */;
			targetProxy = E59992D81A1C653D009CF98B /* PBXContainerItemProxy */;
		};
/* End PBXTargetDependency section */

/* Begin PBXVariantGroup section */
		E59992CB1A1C653D009CF98B /* Main.storyboard */ = {
			isa = PBXVariantGroup;
			children = (
				E59992CC1A1C653D009CF98B /* Base */,
			);
			name = Main.storyboard;
			sourceTree = "<group>";
		};
		E59992D01A1C653D009CF98B /* LaunchScreen.xib */ = {
			isa = PBXVariantGroup;
			children = (
				E59992D11A1C653D009CF98B /* Base */,
			);
			name = LaunchScreen.xib;
			sourceTree = "<group>";
		};
/* End PBXVariantGroup section */

/* Begin XCBuildConfiguration section */
		E59992DF1A1C653D009CF98B /* Debug */ = {
			isa = XCBuildConfiguration;
			buildSettings = {
				ALWAYS_SEARCH_USER_PATHS = NO;
				CLANG_CXX_LANGUAGE_STANDARD = "gnu++0x";
				CLANG_CXX_LIBRARY = "libc++";
				CLANG_ENABLE_MODULES = YES;
				CLANG_ENABLE_OBJC_ARC = YES;
				CLANG_WARN_BOOL_CONVERSION = YES;
				CLANG_WARN_CONSTANT_CONVERSION = YES;
				CLANG_WARN_DIRECT_OBJC_ISA_USAGE = YES_ERROR;
				CLANG_WARN_EMPTY_BODY = YES;
				CLANG_WARN_ENUM_CONVERSION = YES;
				CLANG_WARN_INT_CONVERSION = YES;
				CLANG_WARN_OBJC_ROOT_CLASS = YES_ERROR;
				CLANG_WARN_UNREACHABLE_CODE = YES;
				CLANG_WARN__DUPLICATE_METHOD_MATCH = YES;
				"CODE_SIGN_IDENTITY[sdk=iphoneos*]" = "iPhone Developer";
				COPY_PHASE_STRIP = NO;
				ENABLE_STRICT_OBJC_MSGSEND = YES;
				GCC_C_LANGUAGE_STANDARD = gnu99;
				GCC_DYNAMIC_NO_PIC = NO;
				GCC_OPTIMIZATION_LEVEL = 0;
				GCC_PREPROCESSOR_DEFINITIONS = (
					"DEBUG=1",
					"$(inherited)",
				);
				GCC_SYMBOLS_PRIVATE_EXTERN = NO;
				GCC_WARN_64_TO_32_BIT_CONVERSION = YES;
				GCC_WARN_ABOUT_RETURN_TYPE = YES_ERROR;
				GCC_WARN_UNDECLARED_SELECTOR = YES;
				GCC_WARN_UNINITIALIZED_AUTOS = YES_AGGRESSIVE;
				GCC_WARN_UNUSED_FUNCTION = YES;
				GCC_WARN_UNUSED_VARIABLE = YES;
				IPHONEOS_DEPLOYMENT_TARGET = 8.1;
				MTL_ENABLE_DEBUG_INFO = YES;
				ONLY_ACTIVE_ARCH = YES;
				SDKROOT = iphoneos;
			};
			name = Debug;
		};
		E59992E01A1C653D009CF98B /* Release */ = {
			isa = XCBuildConfiguration;
			buildSettings = {
				ALWAYS_SEARCH_USER_PATHS = NO;
				CLANG_CXX_LANGUAGE_STANDARD = "gnu++0x";
				CLANG_CXX_LIBRARY = "libc++";
				CLANG_ENABLE_MODULES = YES;
				CLANG_ENABLE_OBJC_ARC = YES;
				CLANG_WARN_BOOL_CONVERSION = YES;
				CLANG_WARN_CONSTANT_CONVERSION = YES;
				CLANG_WARN_DIRECT_OBJC_ISA_USAGE = YES_ERROR;
				CLANG_WARN_EMPTY_BODY = YES;
				CLANG_WARN_ENUM_CONVERSION = YES;
				CLANG_WARN_INT_CONVERSION = YES;
				CLANG_WARN_OBJC_ROOT_CLASS = YES_ERROR;
				CLANG_WARN_UNREACHABLE_CODE = YES;
				CLANG_WARN__DUPLICATE_METHOD_MATCH = YES;
				"CODE_SIGN_IDENTITY[sdk=iphoneos*]" = "iPhone Developer";
				COPY_PHASE_STRIP = YES;
				ENABLE_NS_ASSERTIONS = NO;
				ENABLE_STRICT_OBJC_MSGSEND = YES;
				GCC_C_LANGUAGE_STANDARD = gnu99;
				GCC_WARN_64_TO_32_BIT_CONVERSION = YES;
				GCC_WARN_ABOUT_RETURN_TYPE = YES_ERROR;
				GCC_WARN_UNDECLARED_SELECTOR = YES;
				GCC_WARN_UNINITIALIZED_AUTOS = YES_AGGRESSIVE;
				GCC_WARN_UNUSED_FUNCTION = YES;
				GCC_WARN_UNUSED_VARIABLE = YES;
				IPHONEOS_DEPLOYMENT_TARGET = 8.1;
				MTL_ENABLE_DEBUG_INFO = NO;
				SDKROOT = iphoneos;
				VALIDATE_PRODUCT = YES;
			};
			name = Release;
		};
		E59992E21A1C653D009CF98B /* Debug */ = {
			isa = XCBuildConfiguration;
			buildSettings = {
				ASSETCATALOG_COMPILER_APPICON_NAME = AppIcon;
				INFOPLIST_FILE = Pennypot/Info.plist;
				LD_RUNPATH_SEARCH_PATHS = "$(inherited) @executable_path/Frameworks";
				PRODUCT_NAME = "$(TARGET_NAME)";
			};
			name = Debug;
		};
		E59992E31A1C653D009CF98B /* Release */ = {
			isa = XCBuildConfiguration;
			buildSettings = {
				ASSETCATALOG_COMPILER_APPICON_NAME = AppIcon;
				INFOPLIST_FILE = Pennypot/Info.plist;
				LD_RUNPATH_SEARCH_PATHS = "$(inherited) @executable_path/Frameworks";
				PRODUCT_NAME = "$(TARGET_NAME)";
			};
			name = Release;
		};
		E59992E51A1C653D009CF98B /* Debug */ = {
			isa = XCBuildConfiguration;
			buildSettings = {
				BUNDLE_LOADER = "$(TEST_HOST)";
				FRAMEWORK_SEARCH_PATHS = (
					"$(SDKROOT)/Developer/Library/Frameworks",
					"$(inherited)",
				);
				GCC_PREPROCESSOR_DEFINITIONS = (
					"DEBUG=1",
					"$(inherited)",
				);
				INFOPLIST_FILE = PennypotTests/Info.plist;
				LD_RUNPATH_SEARCH_PATHS = "$(inherited) @executable_path/Frameworks @loader_path/Frameworks";
				PRODUCT_NAME = "$(TARGET_NAME)";
				TEST_HOST = "$(BUILT_PRODUCTS_DIR)/Pennypot.app/Pennypot";
			};
			name = Debug;
		};
		E59992E61A1C653D009CF98B /* Release */ = {
			isa = XCBuildConfiguration;
			buildSettings = {
				BUNDLE_LOADER = "$(TEST_HOST)";
				FRAMEWORK_SEARCH_PATHS = (
					"$(SDKROOT)/Developer/Library/Frameworks",
					"$(inherited)",
				);
				INFOPLIST_FILE = PennypotTests/Info.plist;
				LD_RUNPATH_SEARCH_PATHS = "$(inherited) @executable_path/Frameworks @loader_path/Frameworks";
				PRODUCT_NAME = "$(TARGET_NAME)";
				TEST_HOST = "$(BUILT_PRODUCTS_DIR)/Pennypot.app/Pennypot";
			};
			name = Release;
		};
/* End XCBuildConfiguration section */

/* Begin XCConfigurationList section */
		E59992B91A1C653D009CF98B /* Build configuration list for PBXProject "Pennypot" */ = {
			isa = XCConfigurationList;
			buildConfigurations = (
				E59992DF1A1C653D009CF98B /* Debug */,
				E59992E01A1C653D009CF98B /* Release */,
			);
			defaultConfigurationIsVisible = 0;
			defaultConfigurationName = Release;
		};
		E59992E11A1C653D009CF98B /* Build configuration list for PBXNativeTarget "Pennypot" */ = {
			isa = XCConfigurationList;
			buildConfigurations = (
				E59992E21A1C653D009CF98B /* Debug */,
				E59992E31A1C653D009CF98B /* Release */,
			);
			defaultConfigurationIsVisible = 0;
		};
		E59992E41A1C653D009CF98B /* Build configuration list for PBXNativeTarget "PennypotTests" */ = {
			isa = XCConfigurationList;
			buildConfigurations = (
				E59992E51A1C653D009CF98B /* Debug */,
				E59992E61A1C653D009CF98B /* Release */,
			);
			defaultConfigurationIsVisible = 0;
		};
/* End XCConfigurationList section */
	};
	rootObject = E59992B61A1C653D009CF98B /* Project object */;
}
